{
  "name": "components__effects",
  "version": "1.0.0",
  "lockfileVersion": 1,
  "requires": true,
  "dependencies": {
    "@as-one/components__structure": {
      "version": "github:as-one/components__structure#24eadb01ef57201ab498e856ea4e60247f4111e2",
      "from": "github:as-one/components__structure"
    }
  }
}
