{
  "name": "components__effects",
  "version": "1.0.0",
  "lockfileVersion": 1,
  "requires": true,
  "dependencies": {
    "@as-one/components__structure": {
      "version": "github:as-one/components__structure#466e72cc3f91c251e27c4eb2b05fa708fb0f3164",
      "from": "github:as-one/components__structure"
    }
  }
}
